
Microsoft Visual Studio Solution File, Format Version 12.00
# Visual Studio Version 17
VisualStudioVersion = 17.7.34302.85
MinimumVisualStudioVersion = 10.0.40219.1
Project("{FAE04EC0-301F-11D3-BF4B-00C04F79EFBC}") = "Samurais2", "Samurais2\Samurais2.csproj", "{EF6905B2-A594-4422-8EDB-0375B0589367}"
EndProject
Project("{9A19103F-16F7-4668-BE54-9A1E7A4F7556}") = "Helpers", "..\Samurais\Helpers\Helpers.csproj", "{7F794301-77D5-401F-A1AC-A760A398C397}"
EndProject
Global
	GlobalSection(SolutionConfigurationPlatforms) = preSolution
		Debug|Any CPU = Debug|Any CPU
		Release|Any CPU = Release|Any CPU
	EndGlobalSection
	GlobalSection(ProjectConfigurationPlatforms) = postSolution
		{EF6905B2-A594-4422-8EDB-0375B0589367}.Debug|Any CPU.ActiveCfg = Debug|Any CPU
		{EF6905B2-A594-4422-8EDB-0375B0589367}.Debug|Any CPU.Build.0 = Debug|Any CPU
		{EF6905B2-A594-4422-8EDB-0375B0589367}.Release|Any CPU.ActiveCfg = Release|Any CPU
		{EF6905B2-A594-4422-8EDB-0375B0589367}.Release|Any CPU.Build.0 = Release|Any CPU
		{7F794301-77D5-401F-A1AC-A760A398C397}.Debug|Any CPU.ActiveCfg = Debug|Any CPU
		{7F794301-77D5-401F-A1AC-A760A398C397}.Debug|Any CPU.Build.0 = Debug|Any CPU
		{7F794301-77D5-401F-A1AC-A760A398C397}.Release|Any CPU.ActiveCfg = Release|Any CPU
		{7F794301-77D5-401F-A1AC-A760A398C397}.Release|Any CPU.Build.0 = Release|Any CPU
	EndGlobalSection
	GlobalSection(SolutionProperties) = preSolution
		HideSolutionNode = FALSE
	EndGlobalSection
	GlobalSection(ExtensibilityGlobals) = postSolution
		SolutionGuid = {63CEF173-E438-43E0-8E69-3D11153A3D9C}
	EndGlobalSection
EndGlobal
